// !$*UTF8*$!
{
	archiveVersion = 1;
	classes = {
	};
	objectVersion = 56;
	objects = {

/* Begin PBXBuildFile section */
		423A4C762C46902E00C9130E /* PrincipalView.swift in Sources */ = {isa = PBXBuildFile; fileRef = 423A4C752C46902E00C9130E /* PrincipalView.swift */; };
		423A4C782C469B7D00C9130E /* MainTabView.swift in Sources */ = {isa = PBXBuildFile; fileRef = 423A4C772C469B7D00C9130E /* MainTabView.swift */; };
		423A4C7A2C46A16C00C9130E /* HeaderView.swift in Sources */ = {isa = PBXBuildFile; fileRef = 423A4C792C46A16C00C9130E /* HeaderView.swift */; };
		425615DF2C36FAE80047CEF6 /* ExpensesDividerApp.swift in Sources */ = {isa = PBXBuildFile; fileRef = 425615DE2C36FAE80047CEF6 /* ExpensesDividerApp.swift */; };
		425615E12C36FAE80047CEF6 /* ContentView.swift in Sources */ = {isa = PBXBuildFile; fileRef = 425615E02C36FAE80047CEF6 /* ContentView.swift */; };
		425615E32C36FAEA0047CEF6 /* Assets.xcassets in Resources */ = {isa = PBXBuildFile; fileRef = 425615E22C36FAEA0047CEF6 /* Assets.xcassets */; };
		425615E62C36FAEA0047CEF6 /* Preview Assets.xcassets in Resources */ = {isa = PBXBuildFile; fileRef = 425615E52C36FAEA0047CEF6 /* Preview Assets.xcassets */; };
		425615F52C36FB680047CEF6 /* LoginView.swift in Sources */ = {isa = PBXBuildFile; fileRef = 425615F42C36FB680047CEF6 /* LoginView.swift */; };
		4291AA072C37FC6000229FBA /* InputView.swift in Sources */ = {isa = PBXBuildFile; fileRef = 4291AA062C37FC6000229FBA /* InputView.swift */; };
		4291AA092C3808A800229FBA /* RegistrationView.swift in Sources */ = {isa = PBXBuildFile; fileRef = 4291AA082C3808A800229FBA /* RegistrationView.swift */; };
		4291AA0B2C38112F00229FBA /* ProfileView.swift in Sources */ = {isa = PBXBuildFile; fileRef = 4291AA0A2C38112F00229FBA /* ProfileView.swift */; };
		4291AA0D2C38183F00229FBA /* SettingsRowView.swift in Sources */ = {isa = PBXBuildFile; fileRef = 4291AA0C2C38183F00229FBA /* SettingsRowView.swift */; };
		42DCD5B72C53E43C0051CA4B /* GroupViewModel.swift in Sources */ = {isa = PBXBuildFile; fileRef = 42DCD5B62C53E43C0051CA4B /* GroupViewModel.swift */; };
		42DCD5B92C5400990051CA4B /* AddGroupView.swift in Sources */ = {isa = PBXBuildFile; fileRef = 42DCD5B82C5400990051CA4B /* AddGroupView.swift */; };
		42E542BE2C51160000B5A880 /* Group.swift in Sources */ = {isa = PBXBuildFile; fileRef = 42E542BD2C51160000B5A880 /* Group.swift */; };
		42F23E352C3BE25900ABF80E /* User.swift in Sources */ = {isa = PBXBuildFile; fileRef = 42F23E342C3BE25900ABF80E /* User.swift */; };
		42F23E372C3BF58600ABF80E /* GoogleService-Info.plist in Resources */ = {isa = PBXBuildFile; fileRef = 42F23E362C3BF58600ABF80E /* GoogleService-Info.plist */; };
		42F23E3A2C3BF6AB00ABF80E /* FirebaseAuth in Frameworks */ = {isa = PBXBuildFile; productRef = 42F23E392C3BF6AB00ABF80E /* FirebaseAuth */; };
		42F23E3C2C3BF6AB00ABF80E /* FirebaseFirestore in Frameworks */ = {isa = PBXBuildFile; productRef = 42F23E3B2C3BF6AB00ABF80E /* FirebaseFirestore */; };
		42F23E3E2C3BF6AB00ABF80E /* FirebaseFirestoreSwift in Frameworks */ = {isa = PBXBuildFile; productRef = 42F23E3D2C3BF6AB00ABF80E /* FirebaseFirestoreSwift */; };
		42F23E402C3BF6AB00ABF80E /* FirebaseStorage in Frameworks */ = {isa = PBXBuildFile; productRef = 42F23E3F2C3BF6AB00ABF80E /* FirebaseStorage */; };
		42F23E442C3BF98100ABF80E /* AuthViewModel.swift in Sources */ = {isa = PBXBuildFile; fileRef = 42F23E432C3BF98100ABF80E /* AuthViewModel.swift */; };
		42F5C2B22C4AC68700173AC0 /* GroupViewCell.swift in Sources */ = {isa = PBXBuildFile; fileRef = 42F5C2B12C4AC68700173AC0 /* GroupViewCell.swift */; };
/* End PBXBuildFile section */

/* Begin PBXFileReference section */
		423A4C752C46902E00C9130E /* PrincipalView.swift */ = {isa = PBXFileReference; lastKnownFileType = sourcecode.swift; path = PrincipalView.swift; sourceTree = "<group>"; };
		423A4C772C469B7D00C9130E /* MainTabView.swift */ = {isa = PBXFileReference; lastKnownFileType = sourcecode.swift; path = MainTabView.swift; sourceTree = "<group>"; };
		423A4C792C46A16C00C9130E /* HeaderView.swift */ = {isa = PBXFileReference; lastKnownFileType = sourcecode.swift; path = HeaderView.swift; sourceTree = "<group>"; };
		425615DB2C36FAE80047CEF6 /* ExpensesDivider.app */ = {isa = PBXFileReference; explicitFileType = wrapper.application; includeInIndex = 0; path = ExpensesDivider.app; sourceTree = BUILT_PRODUCTS_DIR; };
		425615DE2C36FAE80047CEF6 /* ExpensesDividerApp.swift */ = {isa = PBXFileReference; lastKnownFileType = sourcecode.swift; path = ExpensesDividerApp.swift; sourceTree = "<group>"; };
		425615E02C36FAE80047CEF6 /* ContentView.swift */ = {isa = PBXFileReference; lastKnownFileType = sourcecode.swift; path = ContentView.swift; sourceTree = "<group>"; };
		425615E22C36FAEA0047CEF6 /* Assets.xcassets */ = {isa = PBXFileReference; lastKnownFileType = folder.assetcatalog; path = Assets.xcassets; sourceTree = "<group>"; };
		425615E52C36FAEA0047CEF6 /* Preview Assets.xcassets */ = {isa = PBXFileReference; lastKnownFileType = folder.assetcatalog; path = "Preview Assets.xcassets"; sourceTree = "<group>"; };
		425615F42C36FB680047CEF6 /* LoginView.swift */ = {isa = PBXFileReference; lastKnownFileType = sourcecode.swift; path = LoginView.swift; sourceTree = "<group>"; };
		4291AA062C37FC6000229FBA /* InputView.swift */ = {isa = PBXFileReference; lastKnownFileType = sourcecode.swift; path = InputView.swift; sourceTree = "<group>"; };
		4291AA082C3808A800229FBA /* RegistrationView.swift */ = {isa = PBXFileReference; lastKnownFileType = sourcecode.swift; path = RegistrationView.swift; sourceTree = "<group>"; };
		4291AA0A2C38112F00229FBA /* ProfileView.swift */ = {isa = PBXFileReference; lastKnownFileType = sourcecode.swift; path = ProfileView.swift; sourceTree = "<group>"; };
		4291AA0C2C38183F00229FBA /* SettingsRowView.swift */ = {isa = PBXFileReference; lastKnownFileType = sourcecode.swift; path = SettingsRowView.swift; sourceTree = "<group>"; };
		42DCD5B62C53E43C0051CA4B /* GroupViewModel.swift */ = {isa = PBXFileReference; lastKnownFileType = sourcecode.swift; path = GroupViewModel.swift; sourceTree = "<group>"; };
		42DCD5B82C5400990051CA4B /* AddGroupView.swift */ = {isa = PBXFileReference; lastKnownFileType = sourcecode.swift; path = AddGroupView.swift; sourceTree = "<group>"; };
		42E542BD2C51160000B5A880 /* Group.swift */ = {isa = PBXFileReference; lastKnownFileType = sourcecode.swift; path = Group.swift; sourceTree = "<group>"; };
		42F23E342C3BE25900ABF80E /* User.swift */ = {isa = PBXFileReference; lastKnownFileType = sourcecode.swift; path = User.swift; sourceTree = "<group>"; };
		42F23E362C3BF58600ABF80E /* GoogleService-Info.plist */ = {isa = PBXFileReference; fileEncoding = 4; lastKnownFileType = text.plist.xml; name = "GoogleService-Info.plist"; path = "ExpensesDivider/GoogleService-Info.plist"; sourceTree = SOURCE_ROOT; };
		42F23E432C3BF98100ABF80E /* AuthViewModel.swift */ = {isa = PBXFileReference; lastKnownFileType = sourcecode.swift; path = AuthViewModel.swift; sourceTree = "<group>"; };
		42F5C2B12C4AC68700173AC0 /* GroupViewCell.swift */ = {isa = PBXFileReference; lastKnownFileType = sourcecode.swift; path = GroupViewCell.swift; sourceTree = "<group>"; };
/* End PBXFileReference section */

/* Begin PBXFrameworksBuildPhase section */
		425615D82C36FAE80047CEF6 /* Frameworks */ = {
			isa = PBXFrameworksBuildPhase;
			buildActionMask = 2147483647;
			files = (
				42F23E3A2C3BF6AB00ABF80E /* FirebaseAuth in Frameworks */,
				42F23E402C3BF6AB00ABF80E /* FirebaseStorage in Frameworks */,
				42F23E3C2C3BF6AB00ABF80E /* FirebaseFirestore in Frameworks */,
				42F23E3E2C3BF6AB00ABF80E /* FirebaseFirestoreSwift in Frameworks */,
			);
			runOnlyForDeploymentPostprocessing = 0;
		};
/* End PBXFrameworksBuildPhase section */

/* Begin PBXGroup section */
		423A4C742C46901700C9130E /* Principal */ = {
			isa = PBXGroup;
			children = (
				42F760922C497919007012B3 /* View */,
				42F760932C497945007012B3 /* ViewModel */,
			);
			path = Principal;
			sourceTree = "<group>";
		};
		425615D22C36FAE80047CEF6 = {
			isa = PBXGroup;
			children = (
				425615DD2C36FAE80047CEF6 /* ExpensesDivider */,
				425615DC2C36FAE80047CEF6 /* Products */,
			);
			sourceTree = "<group>";
		};
		425615DC2C36FAE80047CEF6 /* Products */ = {
			isa = PBXGroup;
			children = (
				425615DB2C36FAE80047CEF6 /* ExpensesDivider.app */,
			);
			name = Products;
			sourceTree = "<group>";
		};
		425615DD2C36FAE80047CEF6 /* ExpensesDivider */ = {
			isa = PBXGroup;
			children = (
				425615F02C36FB1B0047CEF6 /* Model */,
				425615EF2C36FB0D0047CEF6 /* Core */,
				425615EE2C36FB040047CEF6 /* Components */,
				425615EC2C36FAF60047CEF6 /* App */,
				425615E22C36FAEA0047CEF6 /* Assets.xcassets */,
				42F23E362C3BF58600ABF80E /* GoogleService-Info.plist */,
				425615E42C36FAEA0047CEF6 /* Preview Content */,
			);
			path = ExpensesDivider;
			sourceTree = "<group>";
		};
		425615E42C36FAEA0047CEF6 /* Preview Content */ = {
			isa = PBXGroup;
			children = (
				425615E52C36FAEA0047CEF6 /* Preview Assets.xcassets */,
			);
			path = "Preview Content";
			sourceTree = "<group>";
		};
		425615EC2C36FAF60047CEF6 /* App */ = {
			isa = PBXGroup;
			children = (
				425615DE2C36FAE80047CEF6 /* ExpensesDividerApp.swift */,
			);
			path = App;
			sourceTree = "<group>";
		};
		425615EE2C36FB040047CEF6 /* Components */ = {
			isa = PBXGroup;
			children = (
				4291AA062C37FC6000229FBA /* InputView.swift */,
				4291AA0C2C38183F00229FBA /* SettingsRowView.swift */,
				423A4C792C46A16C00C9130E /* HeaderView.swift */,
				42F5C2B12C4AC68700173AC0 /* GroupViewCell.swift */,
			);
			path = Components;
			sourceTree = "<group>";
		};
		425615EF2C36FB0D0047CEF6 /* Core */ = {
			isa = PBXGroup;
			children = (
				423A4C742C46901700C9130E /* Principal */,
				425615F32C36FB330047CEF6 /* Authentication */,
				425615F22C36FB2C0047CEF6 /* Profile */,
				425615F12C36FB240047CEF6 /* Root */,
			);
			path = Core;
			sourceTree = "<group>";
		};
		425615F02C36FB1B0047CEF6 /* Model */ = {
			isa = PBXGroup;
			children = (
				42F23E342C3BE25900ABF80E /* User.swift */,
				42E542BD2C51160000B5A880 /* Group.swift */,
			);
			path = Model;
			sourceTree = "<group>";
		};
		425615F12C36FB240047CEF6 /* Root */ = {
			isa = PBXGroup;
			children = (
				425615E02C36FAE80047CEF6 /* ContentView.swift */,
			);
			path = Root;
			sourceTree = "<group>";
		};
		425615F22C36FB2C0047CEF6 /* Profile */ = {
			isa = PBXGroup;
			children = (
				4291AA0A2C38112F00229FBA /* ProfileView.swift */,
			);
			path = Profile;
			sourceTree = "<group>";
		};
		425615F32C36FB330047CEF6 /* Authentication */ = {
			isa = PBXGroup;
			children = (
				42F23E412C3BF92700ABF80E /* View */,
				42F23E422C3BF94E00ABF80E /* ViewModel */,
			);
			path = Authentication;
			sourceTree = "<group>";
		};
		42F23E412C3BF92700ABF80E /* View */ = {
			isa = PBXGroup;
			children = (
				425615F42C36FB680047CEF6 /* LoginView.swift */,
				4291AA082C3808A800229FBA /* RegistrationView.swift */,
			);
			path = View;
			sourceTree = "<group>";
		};
		42F23E422C3BF94E00ABF80E /* ViewModel */ = {
			isa = PBXGroup;
			children = (
				42F23E432C3BF98100ABF80E /* AuthViewModel.swift */,
			);
			path = ViewModel;
			sourceTree = "<group>";
		};
		42F760922C497919007012B3 /* View */ = {
			isa = PBXGroup;
			children = (
				423A4C752C46902E00C9130E /* PrincipalView.swift */,
				423A4C772C469B7D00C9130E /* MainTabView.swift */,
				42DCD5B82C5400990051CA4B /* AddGroupView.swift */,
			);
			path = View;
			sourceTree = "<group>";
		};
		42F760932C497945007012B3 /* ViewModel */ = {
			isa = PBXGroup;
			children = (
				42DCD5B62C53E43C0051CA4B /* GroupViewModel.swift */,
			);
			path = ViewModel;
			sourceTree = "<group>";
		};
/* End PBXGroup section */

/* Begin PBXNativeTarget section */
		425615DA2C36FAE80047CEF6 /* ExpensesDivider */ = {
			isa = PBXNativeTarget;
			buildConfigurationList = 425615E92C36FAEA0047CEF6 /* Build configuration list for PBXNativeTarget "ExpensesDivider" */;
			buildPhases = (
				425615D72C36FAE80047CEF6 /* Sources */,
				425615D82C36FAE80047CEF6 /* Frameworks */,
				425615D92C36FAE80047CEF6 /* Resources */,
			);
			buildRules = (
			);
			dependencies = (
			);
			name = ExpensesDivider;
			packageProductDependencies = (
				42F23E392C3BF6AB00ABF80E /* FirebaseAuth */,
				42F23E3B2C3BF6AB00ABF80E /* FirebaseFirestore */,
				42F23E3D2C3BF6AB00ABF80E /* FirebaseFirestoreSwift */,
				42F23E3F2C3BF6AB00ABF80E /* FirebaseStorage */,
			);
			productName = ExpensesDivider;
			productReference = 425615DB2C36FAE80047CEF6 /* ExpensesDivider.app */;
			productType = "com.apple.product-type.application";
		};
/* End PBXNativeTarget section */

/* Begin PBXProject section */
		425615D32C36FAE80047CEF6 /* Project object */ = {
			isa = PBXProject;
			attributes = {
				BuildIndependentTargetsInParallel = 1;
				LastSwiftUpdateCheck = 1540;
				LastUpgradeCheck = 1540;
				TargetAttributes = {
					425615DA2C36FAE80047CEF6 = {
						CreatedOnToolsVersion = 15.4;
					};
				};
			};
			buildConfigurationList = 425615D62C36FAE80047CEF6 /* Build configuration list for PBXProject "ExpensesDivider" */;
			compatibilityVersion = "Xcode 14.0";
			developmentRegion = en;
			hasScannedForEncodings = 0;
			knownRegions = (
				en,
				Base,
			);
			mainGroup = 425615D22C36FAE80047CEF6;
			packageReferences = (
				42F23E382C3BF6AB00ABF80E /* XCRemoteSwiftPackageReference "firebase-ios-sdk" */,
			);
			productRefGroup = 425615DC2C36FAE80047CEF6 /* Products */;
			projectDirPath = "";
			projectRoot = "";
			targets = (
				425615DA2C36FAE80047CEF6 /* ExpensesDivider */,
			);
		};
/* End PBXProject section */

/* Begin PBXResourcesBuildPhase section */
		425615D92C36FAE80047CEF6 /* Resources */ = {
			isa = PBXResourcesBuildPhase;
			buildActionMask = 2147483647;
			files = (
				425615E62C36FAEA0047CEF6 /* Preview Assets.xcassets in Resources */,
				425615E32C36FAEA0047CEF6 /* Assets.xcassets in Resources */,
				42F23E372C3BF58600ABF80E /* GoogleService-Info.plist in Resources */,
			);
			runOnlyForDeploymentPostprocessing = 0;
		};
/* End PBXResourcesBuildPhase section */

/* Begin PBXSourcesBuildPhase section */
		425615D72C36FAE80047CEF6 /* Sources */ = {
			isa = PBXSourcesBuildPhase;
			buildActionMask = 2147483647;
			files = (
				425615F52C36FB680047CEF6 /* LoginView.swift in Sources */,
				4291AA072C37FC6000229FBA /* InputView.swift in Sources */,
				425615E12C36FAE80047CEF6 /* ContentView.swift in Sources */,
				425615DF2C36FAE80047CEF6 /* ExpensesDividerApp.swift in Sources */,
				42F23E352C3BE25900ABF80E /* User.swift in Sources */,
				423A4C782C469B7D00C9130E /* MainTabView.swift in Sources */,
				423A4C762C46902E00C9130E /* PrincipalView.swift in Sources */,
				42E542BE2C51160000B5A880 /* Group.swift in Sources */,
				42F5C2B22C4AC68700173AC0 /* GroupViewCell.swift in Sources */,
				423A4C7A2C46A16C00C9130E /* HeaderView.swift in Sources */,
				4291AA0B2C38112F00229FBA /* ProfileView.swift in Sources */,
				4291AA092C3808A800229FBA /* RegistrationView.swift in Sources */,
				4291AA0D2C38183F00229FBA /* SettingsRowView.swift in Sources */,
				42F23E442C3BF98100ABF80E /* AuthViewModel.swift in Sources */,
				42DCD5B92C5400990051CA4B /* AddGroupView.swift in Sources */,
				42DCD5B72C53E43C0051CA4B /* GroupViewModel.swift in Sources */,
			);
			runOnlyForDeploymentPostprocessing = 0;
		};
/* End PBXSourcesBuildPhase section */

/* Begin XCBuildConfiguration section */
		425615E72C36FAEA0047CEF6 /* Debug */ = {
			isa = XCBuildConfiguration;
			buildSettings = {
				ALWAYS_SEARCH_USER_PATHS = NO;
				ASSETCATALOG_COMPILER_GENERATE_SWIFT_ASSET_SYMBOL_EXTENSIONS = YES;
				CLANG_ANALYZER_NONNULL = YES;
				CLANG_ANALYZER_NUMBER_OBJECT_CONVERSION = YES_AGGRESSIVE;
				CLANG_CXX_LANGUAGE_STANDARD = "gnu++20";
				CLANG_ENABLE_MODULES = YES;
				CLANG_ENABLE_OBJC_ARC = YES;
				CLANG_ENABLE_OBJC_WEAK = YES;
				CLANG_WARN_BLOCK_CAPTURE_AUTORELEASING = YES;
				CLANG_WARN_BOOL_CONVERSION = YES;
				CLANG_WARN_COMMA = YES;
				CLANG_WARN_CONSTANT_CONVERSION = YES;
				CLANG_WARN_DEPRECATED_OBJC_IMPLEMENTATIONS = YES;
				CLANG_WARN_DIRECT_OBJC_ISA_USAGE = YES_ERROR;
				CLANG_WARN_DOCUMENTATION_COMMENTS = YES;
				CLANG_WARN_EMPTY_BODY = YES;
				CLANG_WARN_ENUM_CONVERSION = YES;
				CLANG_WARN_INFINITE_RECURSION = YES;
				CLANG_WARN_INT_CONVERSION = YES;
				CLANG_WARN_NON_LITERAL_NULL_CONVERSION = YES;
				CLANG_WARN_OBJC_IMPLICIT_RETAIN_SELF = YES;
				CLANG_WARN_OBJC_LITERAL_CONVERSION = YES;
				CLANG_WARN_OBJC_ROOT_CLASS = YES_ERROR;
				CLANG_WARN_QUOTED_INCLUDE_IN_FRAMEWORK_HEADER = YES;
				CLANG_WARN_RANGE_LOOP_ANALYSIS = YES;
				CLANG_WARN_STRICT_PROTOTYPES = YES;
				CLANG_WARN_SUSPICIOUS_MOVE = YES;
				CLANG_WARN_UNGUARDED_AVAILABILITY = YES_AGGRESSIVE;
				CLANG_WARN_UNREACHABLE_CODE = YES;
				CLANG_WARN__DUPLICATE_METHOD_MATCH = YES;
				COPY_PHASE_STRIP = NO;
				DEBUG_INFORMATION_FORMAT = dwarf;
				ENABLE_STRICT_OBJC_MSGSEND = YES;
				ENABLE_TESTABILITY = YES;
				ENABLE_USER_SCRIPT_SANDBOXING = YES;
				GCC_C_LANGUAGE_STANDARD = gnu17;
				GCC_DYNAMIC_NO_PIC = NO;
				GCC_NO_COMMON_BLOCKS = YES;
				GCC_OPTIMIZATION_LEVEL = 0;
				GCC_PREPROCESSOR_DEFINITIONS = (
					"DEBUG=1",
					"$(inherited)",
				);
				GCC_WARN_64_TO_32_BIT_CONVERSION = YES;
				GCC_WARN_ABOUT_RETURN_TYPE = YES_ERROR;
				GCC_WARN_UNDECLARED_SELECTOR = YES;
				GCC_WARN_UNINITIALIZED_AUTOS = YES_AGGRESSIVE;
				GCC_WARN_UNUSED_FUNCTION = YES;
				GCC_WARN_UNUSED_VARIABLE = YES;
				IPHONEOS_DEPLOYMENT_TARGET = 17.5;
				LOCALIZATION_PREFERS_STRING_CATALOGS = YES;
				MTL_ENABLE_DEBUG_INFO = INCLUDE_SOURCE;
				MTL_FAST_MATH = YES;
				ONLY_ACTIVE_ARCH = YES;
				SDKROOT = iphoneos;
				SWIFT_ACTIVE_COMPILATION_CONDITIONS = "DEBUG $(inherited)";
				SWIFT_OPTIMIZATION_LEVEL = "-Onone";
			};
			name = Debug;
		};
		425615E82C36FAEA0047CEF6 /* Release */ = {
			isa = XCBuildConfiguration;
			buildSettings = {
				ALWAYS_SEARCH_USER_PATHS = NO;
				ASSETCATALOG_COMPILER_GENERATE_SWIFT_ASSET_SYMBOL_EXTENSIONS = YES;
				CLANG_ANALYZER_NONNULL = YES;
				CLANG_ANALYZER_NUMBER_OBJECT_CONVERSION = YES_AGGRESSIVE;
				CLANG_CXX_LANGUAGE_STANDARD = "gnu++20";
				CLANG_ENABLE_MODULES = YES;
				CLANG_ENABLE_OBJC_ARC = YES;
				CLANG_ENABLE_OBJC_WEAK = YES;
				CLANG_WARN_BLOCK_CAPTURE_AUTORELEASING = YES;
				CLANG_WARN_BOOL_CONVERSION = YES;
				CLANG_WARN_COMMA = YES;
				CLANG_WARN_CONSTANT_CONVERSION = YES;
				CLANG_WARN_DEPRECATED_OBJC_IMPLEMENTATIONS = YES;
				CLANG_WARN_DIRECT_OBJC_ISA_USAGE = YES_ERROR;
				CLANG_WARN_DOCUMENTATION_COMMENTS = YES;
				CLANG_WARN_EMPTY_BODY = YES;
				CLANG_WARN_ENUM_CONVERSION = YES;
				CLANG_WARN_INFINITE_RECURSION = YES;
				CLANG_WARN_INT_CONVERSION = YES;
				CLANG_WARN_NON_LITERAL_NULL_CONVERSION = YES;
				CLANG_WARN_OBJC_IMPLICIT_RETAIN_SELF = YES;
				CLANG_WARN_OBJC_LITERAL_CONVERSION = YES;
				CLANG_WARN_OBJC_ROOT_CLASS = YES_ERROR;
				CLANG_WARN_QUOTED_INCLUDE_IN_FRAMEWORK_HEADER = YES;
				CLANG_WARN_RANGE_LOOP_ANALYSIS = YES;
				CLANG_WARN_STRICT_PROTOTYPES = YES;
				CLANG_WARN_SUSPICIOUS_MOVE = YES;
				CLANG_WARN_UNGUARDED_AVAILABILITY = YES_AGGRESSIVE;
				CLANG_WARN_UNREACHABLE_CODE = YES;
				CLANG_WARN__DUPLICATE_METHOD_MATCH = YES;
				COPY_PHASE_STRIP = NO;
				DEBUG_INFORMATION_FORMAT = "dwarf-with-dsym";
				ENABLE_NS_ASSERTIONS = NO;
				ENABLE_STRICT_OBJC_MSGSEND = YES;
				ENABLE_USER_SCRIPT_SANDBOXING = YES;
				GCC_C_LANGUAGE_STANDARD = gnu17;
				GCC_NO_COMMON_BLOCKS = YES;
				GCC_WARN_64_TO_32_BIT_CONVERSION = YES;
				GCC_WARN_ABOUT_RETURN_TYPE = YES_ERROR;
				GCC_WARN_UNDECLARED_SELECTOR = YES;
				GCC_WARN_UNINITIALIZED_AUTOS = YES_AGGRESSIVE;
				GCC_WARN_UNUSED_FUNCTION = YES;
				GCC_WARN_UNUSED_VARIABLE = YES;
				IPHONEOS_DEPLOYMENT_TARGET = 17.5;
				LOCALIZATION_PREFERS_STRING_CATALOGS = YES;
				MTL_ENABLE_DEBUG_INFO = NO;
				MTL_FAST_MATH = YES;
				SDKROOT = iphoneos;
				SWIFT_COMPILATION_MODE = wholemodule;
				VALIDATE_PRODUCT = YES;
			};
			name = Release;
		};
		425615EA2C36FAEA0047CEF6 /* Debug */ = {
			isa = XCBuildConfiguration;
			buildSettings = {
				ASSETCATALOG_COMPILER_APPICON_NAME = AppIcon;
				ASSETCATALOG_COMPILER_GLOBAL_ACCENT_COLOR_NAME = AccentColor;
				CODE_SIGN_STYLE = Automatic;
				CURRENT_PROJECT_VERSION = 1;
				DEVELOPMENT_ASSET_PATHS = "\"ExpensesDivider/Preview Content\"";
				DEVELOPMENT_TEAM = TZLRP2ZUSX;
				ENABLE_PREVIEWS = YES;
				GENERATE_INFOPLIST_FILE = YES;
				INFOPLIST_KEY_UIApplicationSceneManifest_Generation = YES;
				INFOPLIST_KEY_UIApplicationSupportsIndirectInputEvents = YES;
				INFOPLIST_KEY_UILaunchScreen_Generation = YES;
				INFOPLIST_KEY_UISupportedInterfaceOrientations_iPad = "UIInterfaceOrientationPortrait UIInterfaceOrientationPortraitUpsideDown UIInterfaceOrientationLandscapeLeft UIInterfaceOrientationLandscapeRight";
				INFOPLIST_KEY_UISupportedInterfaceOrientations_iPhone = "UIInterfaceOrientationPortrait UIInterfaceOrientationLandscapeLeft UIInterfaceOrientationLandscapeRight";
				LD_RUNPATH_SEARCH_PATHS = (
					"$(inherited)",
					"@executable_path/Frameworks",
				);
				MARKETING_VERSION = 1.0;
				PRODUCT_BUNDLE_IDENTIFIER = josem.ExpensesDivider;
				PRODUCT_NAME = "$(TARGET_NAME)";
				SWIFT_EMIT_LOC_STRINGS = YES;
				SWIFT_VERSION = 5.0;
				TARGETED_DEVICE_FAMILY = "1,2";
			};
			name = Debug;
		};
		425615EB2C36FAEA0047CEF6 /* Release */ = {
			isa = XCBuildConfiguration;
			buildSettings = {
				ASSETCATALOG_COMPILER_APPICON_NAME = AppIcon;
				ASSETCATALOG_COMPILER_GLOBAL_ACCENT_COLOR_NAME = AccentColor;
				CODE_SIGN_STYLE = Automatic;
				CURRENT_PROJECT_VERSION = 1;
				DEVELOPMENT_ASSET_PATHS = "\"ExpensesDivider/Preview Content\"";
				DEVELOPMENT_TEAM = TZLRP2ZUSX;
				ENABLE_PREVIEWS = YES;
				GENERATE_INFOPLIST_FILE = YES;
				INFOPLIST_KEY_UIApplicationSceneManifest_Generation = YES;
				INFOPLIST_KEY_UIApplicationSupportsIndirectInputEvents = YES;
				INFOPLIST_KEY_UILaunchScreen_Generation = YES;
				INFOPLIST_KEY_UISupportedInterfaceOrientations_iPad = "UIInterfaceOrientationPortrait UIInterfaceOrientationPortraitUpsideDown UIInterfaceOrientationLandscapeLeft UIInterfaceOrientationLandscapeRight";
				INFOPLIST_KEY_UISupportedInterfaceOrientations_iPhone = "UIInterfaceOrientationPortrait UIInterfaceOrientationLandscapeLeft UIInterfaceOrientationLandscapeRight";
				LD_RUNPATH_SEARCH_PATHS = (
					"$(inherited)",
					"@executable_path/Frameworks",
				);
				MARKETING_VERSION = 1.0;
				PRODUCT_BUNDLE_IDENTIFIER = josem.ExpensesDivider;
				PRODUCT_NAME = "$(TARGET_NAME)";
				SWIFT_EMIT_LOC_STRINGS = YES;
				SWIFT_VERSION = 5.0;
				TARGETED_DEVICE_FAMILY = "1,2";
			};
			name = Release;
		};
/* End XCBuildConfiguration section */

/* Begin XCConfigurationList section */
		425615D62C36FAE80047CEF6 /* Build configuration list for PBXProject "ExpensesDivider" */ = {
			isa = XCConfigurationList;
			buildConfigurations = (
				425615E72C36FAEA0047CEF6 /* Debug */,
				425615E82C36FAEA0047CEF6 /* Release */,
			);
			defaultConfigurationIsVisible = 0;
			defaultConfigurationName = Release;
		};
		425615E92C36FAEA0047CEF6 /* Build configuration list for PBXNativeTarget "ExpensesDivider" */ = {
			isa = XCConfigurationList;
			buildConfigurations = (
				425615EA2C36FAEA0047CEF6 /* Debug */,
				425615EB2C36FAEA0047CEF6 /* Release */,
			);
			defaultConfigurationIsVisible = 0;
			defaultConfigurationName = Release;
		};
/* End XCConfigurationList section */

/* Begin XCRemoteSwiftPackageReference section */
		42F23E382C3BF6AB00ABF80E /* XCRemoteSwiftPackageReference "firebase-ios-sdk" */ = {
			isa = XCRemoteSwiftPackageReference;
			repositoryURL = "https://github.com/firebase/firebase-ios-sdk";
			requirement = {
				kind = upToNextMajorVersion;
				minimumVersion = 10.28.1;
			};
		};
/* End XCRemoteSwiftPackageReference section */

/* Begin XCSwiftPackageProductDependency section */
		42F23E392C3BF6AB00ABF80E /* FirebaseAuth */ = {
			isa = XCSwiftPackageProductDependency;
			package = 42F23E382C3BF6AB00ABF80E /* XCRemoteSwiftPackageReference "firebase-ios-sdk" */;
			productName = FirebaseAuth;
		};
		42F23E3B2C3BF6AB00ABF80E /* FirebaseFirestore */ = {
			isa = XCSwiftPackageProductDependency;
			package = 42F23E382C3BF6AB00ABF80E /* XCRemoteSwiftPackageReference "firebase-ios-sdk" */;
			productName = FirebaseFirestore;
		};
		42F23E3D2C3BF6AB00ABF80E /* FirebaseFirestoreSwift */ = {
			isa = XCSwiftPackageProductDependency;
			package = 42F23E382C3BF6AB00ABF80E /* XCRemoteSwiftPackageReference "firebase-ios-sdk" */;
			productName = FirebaseFirestoreSwift;
		};
		42F23E3F2C3BF6AB00ABF80E /* FirebaseStorage */ = {
			isa = XCSwiftPackageProductDependency;
			package = 42F23E382C3BF6AB00ABF80E /* XCRemoteSwiftPackageReference "firebase-ios-sdk" */;
			productName = FirebaseStorage;
		};
/* End XCSwiftPackageProductDependency section */
	};
	rootObject = 425615D32C36FAE80047CEF6 /* Project object */;
}
